// !$*UTF8*$!
{
	archiveVersion = 1;
	classes = {
	};
	objectVersion = 50;
	objects = {

/* Begin PBXBuildFile section */
		177553A7246560F300F8B3F3 /* AppDelegate.swift in Sources */ = {isa = PBXBuildFile; fileRef = 177553A6246560F300F8B3F3 /* AppDelegate.swift */; };
		177553A9246560F300F8B3F3 /* SceneDelegate.swift in Sources */ = {isa = PBXBuildFile; fileRef = 177553A8246560F300F8B3F3 /* SceneDelegate.swift */; };
		177553AB246560F300F8B3F3 /* ViewController.swift in Sources */ = {isa = PBXBuildFile; fileRef = 177553AA246560F300F8B3F3 /* ViewController.swift */; };
		177553AE246560F300F8B3F3 /* Main.storyboard in Resources */ = {isa = PBXBuildFile; fileRef = 177553AC246560F300F8B3F3 /* Main.storyboard */; };
		177553B0246560F700F8B3F3 /* Assets.xcassets in Resources */ = {isa = PBXBuildFile; fileRef = 177553AF246560F700F8B3F3 /* Assets.xcassets */; };
		177553B3246560F700F8B3F3 /* LaunchScreen.storyboard in Resources */ = {isa = PBXBuildFile; fileRef = 177553B1246560F700F8B3F3 /* LaunchScreen.storyboard */; };
		1779CF752469A6BB00D331B4 /* AntimageVC.swift in Sources */ = {isa = PBXBuildFile; fileRef = 1779CF742469A6BB00D331B4 /* AntimageVC.swift */; };
		1779CF77246A9A9300D331B4 /* dark_background.pdf in Resources */ = {isa = PBXBuildFile; fileRef = 1779CF76246A9A9300D331B4 /* dark_background.pdf */; };
		1779CF7A246A9EAC00D331B4 /* lightDarkVC.swift in Sources */ = {isa = PBXBuildFile; fileRef = 1779CF79246A9EAC00D331B4 /* lightDarkVC.swift */; };
		1779CF7C246A9F6700D331B4 /* Theme.swift in Sources */ = {isa = PBXBuildFile; fileRef = 1779CF7B246A9F6700D331B4 /* Theme.swift */; };
		1779CF7E246A9F8800D331B4 /* LightTheme.swift in Sources */ = {isa = PBXBuildFile; fileRef = 1779CF7D246A9F8800D331B4 /* LightTheme.swift */; };
		1779CF80246A9F8F00D331B4 /* DarkTheme.swift in Sources */ = {isa = PBXBuildFile; fileRef = 1779CF7F246A9F8F00D331B4 /* DarkTheme.swift */; };
		1779CF82246A9FD200D331B4 /* ThemeProtocol.swift in Sources */ = {isa = PBXBuildFile; fileRef = 1779CF81246A9FD200D331B4 /* ThemeProtocol.swift */; };
		1779CF84246AE53000D331B4 /* SettingThemeVC.swift in Sources */ = {isa = PBXBuildFile; fileRef = 1779CF83246AE53000D331B4 /* SettingThemeVC.swift */; };
/* End PBXBuildFile section */

/* Begin PBXFileReference section */
		177553A3246560F300F8B3F3 /* autoLayoutDemo.app */ = {isa = PBXFileReference; explicitFileType = wrapper.application; includeInIndex = 0; path = autoLayoutDemo.app; sourceTree = BUILT_PRODUCTS_DIR; };
		177553A6246560F300F8B3F3 /* AppDelegate.swift */ = {isa = PBXFileReference; lastKnownFileType = sourcecode.swift; path = AppDelegate.swift; sourceTree = "<group>"; };
		177553A8246560F300F8B3F3 /* SceneDelegate.swift */ = {isa = PBXFileReference; lastKnownFileType = sourcecode.swift; path = SceneDelegate.swift; sourceTree = "<group>"; };
		177553AA246560F300F8B3F3 /* ViewController.swift */ = {isa = PBXFileReference; lastKnownFileType = sourcecode.swift; path = ViewController.swift; sourceTree = "<group>"; };
		177553AD246560F300F8B3F3 /* Base */ = {isa = PBXFileReference; lastKnownFileType = file.storyboard; name = Base; path = Base.lproj/Main.storyboard; sourceTree = "<group>"; };
		177553AF246560F700F8B3F3 /* Assets.xcassets */ = {isa = PBXFileReference; lastKnownFileType = folder.assetcatalog; path = Assets.xcassets; sourceTree = "<group>"; };
		177553B2246560F700F8B3F3 /* Base */ = {isa = PBXFileReference; lastKnownFileType = file.storyboard; name = Base; path = Base.lproj/LaunchScreen.storyboard; sourceTree = "<group>"; };
		177553B4246560F700F8B3F3 /* Info.plist */ = {isa = PBXFileReference; lastKnownFileType = text.plist.xml; path = Info.plist; sourceTree = "<group>"; };
		1779CF742469A6BB00D331B4 /* AntimageVC.swift */ = {isa = PBXFileReference; lastKnownFileType = sourcecode.swift; path = AntimageVC.swift; sourceTree = "<group>"; };
		1779CF76246A9A9300D331B4 /* dark_background.pdf */ = {isa = PBXFileReference; lastKnownFileType = image.pdf; path = dark_background.pdf; sourceTree = "<group>"; };
		1779CF79246A9EAC00D331B4 /* lightDarkVC.swift */ = {isa = PBXFileReference; lastKnownFileType = sourcecode.swift; path = lightDarkVC.swift; sourceTree = "<group>"; };
		1779CF7B246A9F6700D331B4 /* Theme.swift */ = {isa = PBXFileReference; lastKnownFileType = sourcecode.swift; path = Theme.swift; sourceTree = "<group>"; };
		1779CF7D246A9F8800D331B4 /* LightTheme.swift */ = {isa = PBXFileReference; lastKnownFileType = sourcecode.swift; path = LightTheme.swift; sourceTree = "<group>"; };
		1779CF7F246A9F8F00D331B4 /* DarkTheme.swift */ = {isa = PBXFileReference; lastKnownFileType = sourcecode.swift; path = DarkTheme.swift; sourceTree = "<group>"; };
		1779CF81246A9FD200D331B4 /* ThemeProtocol.swift */ = {isa = PBXFileReference; lastKnownFileType = sourcecode.swift; path = ThemeProtocol.swift; sourceTree = "<group>"; };
		1779CF83246AE53000D331B4 /* SettingThemeVC.swift */ = {isa = PBXFileReference; lastKnownFileType = sourcecode.swift; path = SettingThemeVC.swift; sourceTree = "<group>"; };
/* End PBXFileReference section */

/* Begin PBXFrameworksBuildPhase section */
		177553A0246560F300F8B3F3 /* Frameworks */ = {
			isa = PBXFrameworksBuildPhase;
			buildActionMask = 2147483647;
			files = (
			);
			runOnlyForDeploymentPostprocessing = 0;
		};
/* End PBXFrameworksBuildPhase section */

/* Begin PBXGroup section */
		1775539A246560F300F8B3F3 = {
			isa = PBXGroup;
			children = (
				177553A5246560F300F8B3F3 /* autoLayoutDemo */,
				177553A4246560F300F8B3F3 /* Products */,
			);
			sourceTree = "<group>";
		};
		177553A4246560F300F8B3F3 /* Products */ = {
			isa = PBXGroup;
			children = (
				177553A3246560F300F8B3F3 /* autoLayoutDemo.app */,
			);
			name = Products;
			sourceTree = "<group>";
		};
		177553A5246560F300F8B3F3 /* autoLayoutDemo */ = {
			isa = PBXGroup;
			children = (
				177553A6246560F300F8B3F3 /* AppDelegate.swift */,
				1779CF78246A9E8500D331B4 /* LigntnDark */,
				177553A8246560F300F8B3F3 /* SceneDelegate.swift */,
				177553AA246560F300F8B3F3 /* ViewController.swift */,
				177553AC246560F300F8B3F3 /* Main.storyboard */,
				177553AF246560F700F8B3F3 /* Assets.xcassets */,
				177553B1246560F700F8B3F3 /* LaunchScreen.storyboard */,
				177553B4246560F700F8B3F3 /* Info.plist */,
				1779CF742469A6BB00D331B4 /* AntimageVC.swift */,
				1779CF76246A9A9300D331B4 /* dark_background.pdf */,
			);
			path = autoLayoutDemo;
			sourceTree = "<group>";
		};
		1779CF78246A9E8500D331B4 /* LigntnDark */ = {
			isa = PBXGroup;
			children = (
				1779CF79246A9EAC00D331B4 /* lightDarkVC.swift */,
				1779CF7B246A9F6700D331B4 /* Theme.swift */,
				1779CF7D246A9F8800D331B4 /* LightTheme.swift */,
				1779CF7F246A9F8F00D331B4 /* DarkTheme.swift */,
				1779CF81246A9FD200D331B4 /* ThemeProtocol.swift */,
				1779CF83246AE53000D331B4 /* SettingThemeVC.swift */,
			);
			path = LigntnDark;
			sourceTree = "<group>";
		};
/* End PBXGroup section */

/* Begin PBXNativeTarget section */
		177553A2246560F300F8B3F3 /* autoLayoutDemo */ = {
			isa = PBXNativeTarget;
			buildConfigurationList = 177553B7246560F700F8B3F3 /* Build configuration list for PBXNativeTarget "autoLayoutDemo" */;
			buildPhases = (
				1775539F246560F300F8B3F3 /* Sources */,
				177553A0246560F300F8B3F3 /* Frameworks */,
				177553A1246560F300F8B3F3 /* Resources */,
			);
			buildRules = (
			);
			dependencies = (
			);
			name = autoLayoutDemo;
			productName = autoLayoutDemo;
			productReference = 177553A3246560F300F8B3F3 /* autoLayoutDemo.app */;
			productType = "com.apple.product-type.application";
		};
/* End PBXNativeTarget section */

/* Begin PBXProject section */
		1775539B246560F300F8B3F3 /* Project object */ = {
			isa = PBXProject;
			attributes = {
				LastSwiftUpdateCheck = 1130;
				LastUpgradeCheck = 1130;
				ORGANIZATIONNAME = "Supanut LDM";
				TargetAttributes = {
					177553A2246560F300F8B3F3 = {
						CreatedOnToolsVersion = 11.3;
					};
				};
			};
			buildConfigurationList = 1775539E246560F300F8B3F3 /* Build configuration list for PBXProject "autoLayoutDemo" */;
			compatibilityVersion = "Xcode 9.3";
			developmentRegion = en;
			hasScannedForEncodings = 0;
			knownRegions = (
				en,
				Base,
			);
			mainGroup = 1775539A246560F300F8B3F3;
			productRefGroup = 177553A4246560F300F8B3F3 /* Products */;
			projectDirPath = "";
			projectRoot = "";
			targets = (
				177553A2246560F300F8B3F3 /* autoLayoutDemo */,
			);
		};
/* End PBXProject section */

/* Begin PBXResourcesBuildPhase section */
		177553A1246560F300F8B3F3 /* Resources */ = {
			isa = PBXResourcesBuildPhase;
			buildActionMask = 2147483647;
			files = (
				1779CF77246A9A9300D331B4 /* dark_background.pdf in Resources */,
				177553B3246560F700F8B3F3 /* LaunchScreen.storyboard in Resources */,
				177553B0246560F700F8B3F3 /* Assets.xcassets in Resources */,
				177553AE246560F300F8B3F3 /* Main.storyboard in Resources */,
			);
			runOnlyForDeploymentPostprocessing = 0;
		};
/* End PBXResourcesBuildPhase section */

/* Begin PBXSourcesBuildPhase section */
		1775539F246560F300F8B3F3 /* Sources */ = {
			isa = PBXSourcesBuildPhase;
			buildActionMask = 2147483647;
			files = (
				1779CF7A246A9EAC00D331B4 /* lightDarkVC.swift in Sources */,
				177553AB246560F300F8B3F3 /* ViewController.swift in Sources */,
				177553A7246560F300F8B3F3 /* AppDelegate.swift in Sources */,
				1779CF84246AE53000D331B4 /* SettingThemeVC.swift in Sources */,
				1779CF7C246A9F6700D331B4 /* Theme.swift in Sources */,
				1779CF752469A6BB00D331B4 /* AntimageVC.swift in Sources */,
				1779CF7E246A9F8800D331B4 /* LightTheme.swift in Sources */,
				1779CF82246A9FD200D331B4 /* ThemeProtocol.swift in Sources */,
				177553A9246560F300F8B3F3 /* SceneDelegate.swift in Sources */,
				1779CF80246A9F8F00D331B4 /* DarkTheme.swift in Sources */,
			);
			runOnlyForDeploymentPostprocessing = 0;
		};
/* End PBXSourcesBuildPhase section */

/* Begin PBXVariantGroup section */
		177553AC246560F300F8B3F3 /* Main.storyboard */ = {
			isa = PBXVariantGroup;
			children = (
				177553AD246560F300F8B3F3 /* Base */,
			);
			name = Main.storyboard;
			sourceTree = "<group>";
		};
		177553B1246560F700F8B3F3 /* LaunchScreen.storyboard */ = {
			isa = PBXVariantGroup;
			children = (
				177553B2246560F700F8B3F3 /* Base */,
			);
			name = LaunchScreen.storyboard;
			sourceTree = "<group>";
		};
/* End PBXVariantGroup section */

/* Begin XCBuildConfiguration section */
		177553B5246560F700F8B3F3 /* Debug */ = {
			isa = XCBuildConfiguration;
			buildSettings = {
				ALWAYS_SEARCH_USER_PATHS = NO;
				CLANG_ANALYZER_NONNULL = YES;
				CLANG_ANALYZER_NUMBER_OBJECT_CONVERSION = YES_AGGRESSIVE;
				CLANG_CXX_LANGUAGE_STANDARD = "gnu++14";
				CLANG_CXX_LIBRARY = "libc++";
				CLANG_ENABLE_MODULES = YES;
				CLANG_ENABLE_OBJC_ARC = YES;
				CLANG_ENABLE_OBJC_WEAK = YES;
				CLANG_WARN_BLOCK_CAPTURE_AUTORELEASING = YES;
				CLANG_WARN_BOOL_CONVERSION = YES;
				CLANG_WARN_COMMA = YES;
				CLANG_WARN_CONSTANT_CONVERSION = YES;
				CLANG_WARN_DEPRECATED_OBJC_IMPLEMENTATIONS = YES;
				CLANG_WARN_DIRECT_OBJC_ISA_USAGE = YES_ERROR;
				CLANG_WARN_DOCUMENTATION_COMMENTS = YES;
				CLANG_WARN_EMPTY_BODY = YES;
				CLANG_WARN_ENUM_CONVERSION = YES;
				CLANG_WARN_INFINITE_RECURSION = YES;
				CLANG_WARN_INT_CONVERSION = YES;
				CLANG_WARN_NON_LITERAL_NULL_CONVERSION = YES;
				CLANG_WARN_OBJC_IMPLICIT_RETAIN_SELF = YES;
				CLANG_WARN_OBJC_LITERAL_CONVERSION = YES;
				CLANG_WARN_OBJC_ROOT_CLASS = YES_ERROR;
				CLANG_WARN_RANGE_LOOP_ANALYSIS = YES;
				CLANG_WARN_STRICT_PROTOTYPES = YES;
				CLANG_WARN_SUSPICIOUS_MOVE = YES;
				CLANG_WARN_UNGUARDED_AVAILABILITY = YES_AGGRESSIVE;
				CLANG_WARN_UNREACHABLE_CODE = YES;
				CLANG_WARN__DUPLICATE_METHOD_MATCH = YES;
				COPY_PHASE_STRIP = NO;
				DEBUG_INFORMATION_FORMAT = dwarf;
				ENABLE_STRICT_OBJC_MSGSEND = YES;
				ENABLE_TESTABILITY = YES;
				GCC_C_LANGUAGE_STANDARD = gnu11;
				GCC_DYNAMIC_NO_PIC = NO;
				GCC_NO_COMMON_BLOCKS = YES;
				GCC_OPTIMIZATION_LEVEL = 0;
				GCC_PREPROCESSOR_DEFINITIONS = (
					"DEBUG=1",
					"$(inherited)",
				);
				GCC_WARN_64_TO_32_BIT_CONVERSION = YES;
				GCC_WARN_ABOUT_RETURN_TYPE = YES_ERROR;
				GCC_WARN_UNDECLARED_SELECTOR = YES;
				GCC_WARN_UNINITIALIZED_AUTOS = YES_AGGRESSIVE;
				GCC_WARN_UNUSED_FUNCTION = YES;
				GCC_WARN_UNUSED_VARIABLE = YES;
				IPHONEOS_DEPLOYMENT_TARGET = 13.2;
				MTL_ENABLE_DEBUG_INFO = INCLUDE_SOURCE;
				MTL_FAST_MATH = YES;
				ONLY_ACTIVE_ARCH = YES;
				SDKROOT = iphoneos;
				SWIFT_ACTIVE_COMPILATION_CONDITIONS = DEBUG;
				SWIFT_OPTIMIZATION_LEVEL = "-Onone";
			};
			name = Debug;
		};
		177553B6246560F700F8B3F3 /* Release */ = {
			isa = XCBuildConfiguration;
			buildSettings = {
				ALWAYS_SEARCH_USER_PATHS = NO;
				CLANG_ANALYZER_NONNULL = YES;
				CLANG_ANALYZER_NUMBER_OBJECT_CONVERSION = YES_AGGRESSIVE;
				CLANG_CXX_LANGUAGE_STANDARD = "gnu++14";
				CLANG_CXX_LIBRARY = "libc++";
				CLANG_ENABLE_MODULES = YES;
				CLANG_ENABLE_OBJC_ARC = YES;
				CLANG_ENABLE_OBJC_WEAK = YES;
				CLANG_WARN_BLOCK_CAPTURE_AUTORELEASING = YES;
				CLANG_WARN_BOOL_CONVERSION = YES;
				CLANG_WARN_COMMA = YES;
				CLANG_WARN_CONSTANT_CONVERSION = YES;
				CLANG_WARN_DEPRECATED_OBJC_IMPLEMENTATIONS = YES;
				CLANG_WARN_DIRECT_OBJC_ISA_USAGE = YES_ERROR;
				CLANG_WARN_DOCUMENTATION_COMMENTS = YES;
				CLANG_WARN_EMPTY_BODY = YES;
				CLANG_WARN_ENUM_CONVERSION = YES;
				CLANG_WARN_INFINITE_RECURSION = YES;
				CLANG_WARN_INT_CONVERSION = YES;
				CLANG_WARN_NON_LITERAL_NULL_CONVERSION = YES;
				CLANG_WARN_OBJC_IMPLICIT_RETAIN_SELF = YES;
				CLANG_WARN_OBJC_LITERAL_CONVERSION = YES;
				CLANG_WARN_OBJC_ROOT_CLASS = YES_ERROR;
				CLANG_WARN_RANGE_LOOP_ANALYSIS = YES;
				CLANG_WARN_STRICT_PROTOTYPES = YES;
				CLANG_WARN_SUSPICIOUS_MOVE = YES;
				CLANG_WARN_UNGUARDED_AVAILABILITY = YES_AGGRESSIVE;
				CLANG_WARN_UNREACHABLE_CODE = YES;
				CLANG_WARN__DUPLICATE_METHOD_MATCH = YES;
				COPY_PHASE_STRIP = NO;
				DEBUG_INFORMATION_FORMAT = "dwarf-with-dsym";
				ENABLE_NS_ASSERTIONS = NO;
				ENABLE_STRICT_OBJC_MSGSEND = YES;
				GCC_C_LANGUAGE_STANDARD = gnu11;
				GCC_NO_COMMON_BLOCKS = YES;
				GCC_WARN_64_TO_32_BIT_CONVERSION = YES;
				GCC_WARN_ABOUT_RETURN_TYPE = YES_ERROR;
				GCC_WARN_UNDECLARED_SELECTOR = YES;
				GCC_WARN_UNINITIALIZED_AUTOS = YES_AGGRESSIVE;
				GCC_WARN_UNUSED_FUNCTION = YES;
				GCC_WARN_UNUSED_VARIABLE = YES;
				IPHONEOS_DEPLOYMENT_TARGET = 13.2;
				MTL_ENABLE_DEBUG_INFO = NO;
				MTL_FAST_MATH = YES;
				SDKROOT = iphoneos;
				SWIFT_COMPILATION_MODE = wholemodule;
				SWIFT_OPTIMIZATION_LEVEL = "-O";
				VALIDATE_PRODUCT = YES;
			};
			name = Release;
		};
		177553B8246560F700F8B3F3 /* Debug */ = {
			isa = XCBuildConfiguration;
			buildSettings = {
				ASSETCATALOG_COMPILER_APPICON_NAME = AppIcon;
				CODE_SIGN_STYLE = Automatic;
				DEVELOPMENT_TEAM = QD4KUK365R;
				INFOPLIST_FILE = autoLayoutDemo/Info.plist;
				LD_RUNPATH_SEARCH_PATHS = (
					"$(inherited)",
					"@executable_path/Frameworks",
				);
				PRODUCT_BUNDLE_IDENTIFIER = com.supanut.autoLayoutDemo;
				PRODUCT_NAME = "$(TARGET_NAME)";
				SWIFT_VERSION = 5.0;
				TARGETED_DEVICE_FAMILY = "1,2";
			};
			name = Debug;
		};
		177553B9246560F700F8B3F3 /* Release */ = {
			isa = XCBuildConfiguration;
			buildSettings = {
				ASSETCATALOG_COMPILER_APPICON_NAME = AppIcon;
				CODE_SIGN_STYLE = Automatic;
				DEVELOPMENT_TEAM = QD4KUK365R;
				INFOPLIST_FILE = autoLayoutDemo/Info.plist;
				LD_RUNPATH_SEARCH_PATHS = (
					"$(inherited)",
					"@executable_path/Frameworks",
				);
				PRODUCT_BUNDLE_IDENTIFIER = com.supanut.autoLayoutDemo;
				PRODUCT_NAME = "$(TARGET_NAME)";
				SWIFT_VERSION = 5.0;
				TARGETED_DEVICE_FAMILY = "1,2";
			};
			name = Release;
		};
/* End XCBuildConfiguration section */

/* Begin XCConfigurationList section */
		1775539E246560F300F8B3F3 /* Build configuration list for PBXProject "autoLayoutDemo" */ = {
			isa = XCConfigurationList;
			buildConfigurations = (
				177553B5246560F700F8B3F3 /* Debug */,
				177553B6246560F700F8B3F3 /* Release */,
			);
			defaultConfigurationIsVisible = 0;
			defaultConfigurationName = Release;
		};
		177553B7246560F700F8B3F3 /* Build configuration list for PBXNativeTarget "autoLayoutDemo" */ = {
			isa = XCConfigurationList;
			buildConfigurations = (
				177553B8246560F700F8B3F3 /* Debug */,
				177553B9246560F700F8B3F3 /* Release */,
			);
			defaultConfigurationIsVisible = 0;
			defaultConfigurationName = Release;
		};
/* End XCConfigurationList section */
	};
	rootObject = 1775539B246560F300F8B3F3 /* Project object */;
}
